
Microsoft Visual Studio Solution File, Format Version 12.00
# Visual Studio Version 17
VisualStudioVersion = 17.10.34928.147
MinimumVisualStudioVersion = 10.0.40219.1
Project("{FAE04EC0-301F-11D3-BF4B-00C04F79EFBC}") = "P6Travels_API_AllanDelgado", "P6Travels_API_AllanDelgado\P6Travels_API_AllanDelgado.csproj", "{8D3F33B1-C4BB-4AF0-B0DE-9F7CE8A210B5}"
EndProject
Global
	GlobalSection(SolutionConfigurationPlatforms) = preSolution
		Debug|Any CPU = Debug|Any CPU
		Release|Any CPU = Release|Any CPU
	EndGlobalSection
	GlobalSection(ProjectConfigurationPlatforms) = postSolution
		{8D3F33B1-C4BB-4AF0-B0DE-9F7CE8A210B5}.Debug|Any CPU.ActiveCfg = Debug|Any CPU
		{8D3F33B1-C4BB-4AF0-B0DE-9F7CE8A210B5}.Debug|Any CPU.Build.0 = Debug|Any CPU
		{8D3F33B1-C4BB-4AF0-B0DE-9F7CE8A210B5}.Release|Any CPU.ActiveCfg = Release|Any CPU
		{8D3F33B1-C4BB-4AF0-B0DE-9F7CE8A210B5}.Release|Any CPU.Build.0 = Release|Any CPU
	EndGlobalSection
	GlobalSection(SolutionProperties) = preSolution
		HideSolutionNode = FALSE
	EndGlobalSection
	GlobalSection(ExtensibilityGlobals) = postSolution
		SolutionGuid = {CA6C57FD-F8DA-43CC-914C-5BFAFC0FC917}
	EndGlobalSection
EndGlobal
